# THIS IS AN AUTOGENERATED FILE. DO NOT EDIT THIS FILE DIRECTLY.
# yarn lockfile v1


"@prisma/client@^2.0.0-preview020":
  version "2.0.0-preview020"
  resolved "https://registry.yarnpkg.com/@prisma/client/-/client-2.0.0-preview020.tgz#fb95640f5f2a44ac68a35c14d9a04e8da192c647"
  integrity sha512-hClPxTg9W/AEvDyGuQ4UUBELOehAnGvu8dfjJ/WCuOVmeM00/KpcXD9Pco0RtoUezlyEIAU47GKDVkBbvP2hyA==
