# IF THERE'S A GIT CONFLICT IN THIS FILE, DON'T SOLVE IT MANUALLY!
# INSTEAD EXECUTE `prisma migrate fix`
# Prisma Migrate lockfile v1
# Read more about conflict resolution here: TODO

20200506220818
20200507123248
20200507124116
20200507130830
20200508224453-
20200509075753
20200509091828
20200509092400
20200509094010
20200527181311