# IF THERE'S A GIT CONFLICT IN THIS FILE, DON'T SOLVE IT MANUALLY!
# INSTEAD EXECUTE `prisma migrate fix`
# Prisma Migrate lockfile v1
# Read more about conflict resolution here: TODO

20200423134816-init
20200423135225-dept-short-name
20200425125014-sprint_to_subtask
20200504112616-task-activity
20200504132218-refined-fields
20200505070939-team-to-subdepartment
20200505093101-unique-channel-name